{
  "pins" : [
    {
      "identity" : "urlrequestable",
      "kind" : "remoteSourceControl",
      "location" : "https://github.com/wmalloc/URLRequestable.git",
      "state" : {
        "revision" : "750dcb9eec2c53a40d4bf04f2ce976062dab8168",
        "version" : "0.0.3"
      }
    },
    {
      "identity" : "webservice",
      "kind" : "remoteSourceControl",
      "location" : "https://github.com/wmalloc/WebService.git",
      "state" : {
        "revision" : "afa823fea88369347a0f531f461861ff13cb35fe",
        "version" : "0.7.0"
      }
    }
  ],
  "version" : 2
}
